
Microsoft Visual Studio Solution File, Format Version 12.00
# Visual Studio Version 16
VisualStudioVersion = 16.0.31402.337
MinimumVisualStudioVersion = 10.0.40219.1
Project("{9092AA53-FB77-4645-B42D-1CCCA6BD08BD}") = "NodejsWebApp1", "NodejsWebApp1\NodejsWebApp1.njsproj", "{BBAFF255-2982-4B31-9090-C0CF1AEB3C32}"
EndProject
Global
	GlobalSection(SolutionConfigurationPlatforms) = preSolution
		Debug|Any CPU = Debug|Any CPU
		Release|Any CPU = Release|Any CPU
	EndGlobalSection
	GlobalSection(ProjectConfigurationPlatforms) = postSolution
		{BBAFF255-2982-4B31-9090-C0CF1AEB3C32}.Debug|Any CPU.ActiveCfg = Debug|Any CPU
		{BBAFF255-2982-4B31-9090-C0CF1AEB3C32}.Debug|Any CPU.Build.0 = Debug|Any CPU
		{BBAFF255-2982-4B31-9090-C0CF1AEB3C32}.Release|Any CPU.ActiveCfg = Release|Any CPU
		{BBAFF255-2982-4B31-9090-C0CF1AEB3C32}.Release|Any CPU.Build.0 = Release|Any CPU
	EndGlobalSection
	GlobalSection(SolutionProperties) = preSolution
		HideSolutionNode = FALSE
	EndGlobalSection
	GlobalSection(ExtensibilityGlobals) = postSolution
		SolutionGuid = {FF41926D-99DF-4E80-A83A-FBA157EDD70E}
	EndGlobalSection
EndGlobal
